// !$*UTF8*$!
{
	archiveVersion = 1;
	classes = {
	};
	objectVersion = 50;
	objects = {

/* Begin PBXBuildFile section */
		09348E5AFF505846CC5FF69D /* Pods_FundInvestmentDemo.framework in Frameworks */ = {isa = PBXBuildFile; fileRef = CD26CF43FFE248B6E5ADCF80 /* Pods_FundInvestmentDemo.framework */; };
		8F4FCDA02265400200F8CF81 /* FundPurchaseAuthenticationModalViewController.swift in Sources */ = {isa = PBXBuildFile; fileRef = 8F4FCD9F2265400200F8CF81 /* FundPurchaseAuthenticationModalViewController.swift */; };
		8F4FCDA22266039D00F8CF81 /* FundPurchaseAuthenticationPresenter.swift in Sources */ = {isa = PBXBuildFile; fileRef = 8F4FCDA12266039D00F8CF81 /* FundPurchaseAuthenticationPresenter.swift */; };
		8F4FCDA4226604BB00F8CF81 /* UserAccess.swift in Sources */ = {isa = PBXBuildFile; fileRef = 8F4FCDA3226604BB00F8CF81 /* UserAccess.swift */; };
		8F4FCDA62266125D00F8CF81 /* ALSegmentControl.swift in Sources */ = {isa = PBXBuildFile; fileRef = 8F4FCDA52266125D00F8CF81 /* ALSegmentControl.swift */; };
		8F4FCDA82266135B00F8CF81 /* FundsContainerViewController.swift in Sources */ = {isa = PBXBuildFile; fileRef = 8F4FCDA72266135B00F8CF81 /* FundsContainerViewController.swift */; };
		8F4FCDAA2266145800F8CF81 /* FundsPurchasedViewController.swift in Sources */ = {isa = PBXBuildFile; fileRef = 8F4FCDA92266145800F8CF81 /* FundsPurchasedViewController.swift */; };
		8F4FCDAC2266205700F8CF81 /* String+Extension.swift in Sources */ = {isa = PBXBuildFile; fileRef = 8F4FCDAB2266205700F8CF81 /* String+Extension.swift */; };
		8F4FCDB0226641C800F8CF81 /* FundPurchase.swift in Sources */ = {isa = PBXBuildFile; fileRef = 8F4FCDAF226641C800F8CF81 /* FundPurchase.swift */; };
		8F4FCDB2226648EB00F8CF81 /* FundsPurchasedPresenter.swift in Sources */ = {isa = PBXBuildFile; fileRef = 8F4FCDB1226648EB00F8CF81 /* FundsPurchasedPresenter.swift */; };
		8F4FCDB922667CEA00F8CF81 /* UICollectionViewCell+Extension.swift in Sources */ = {isa = PBXBuildFile; fileRef = 8F4FCDB822667CEA00F8CF81 /* UICollectionViewCell+Extension.swift */; };
		8F4FCDBB2266A96500F8CF81 /* README.md in Resources */ = {isa = PBXBuildFile; fileRef = 8F4FCDBA2266A96400F8CF81 /* README.md */; };
		8F4FCDC42266ADDA00F8CF81 /* IMG_5672.PNG in Resources */ = {isa = PBXBuildFile; fileRef = 8F4FCDBD2266ADD900F8CF81 /* IMG_5672.PNG */; };
		8F4FCDC52266ADDA00F8CF81 /* IMG_5674.PNG in Resources */ = {isa = PBXBuildFile; fileRef = 8F4FCDBE2266ADD900F8CF81 /* IMG_5674.PNG */; };
		8F4FCDC62266ADDA00F8CF81 /* IMG_5670.PNG in Resources */ = {isa = PBXBuildFile; fileRef = 8F4FCDBF2266ADD900F8CF81 /* IMG_5670.PNG */; };
		8F4FCDC72266ADDA00F8CF81 /* IMG_5669.PNG in Resources */ = {isa = PBXBuildFile; fileRef = 8F4FCDC02266ADDA00F8CF81 /* IMG_5669.PNG */; };
		8F4FCDC82266ADDA00F8CF81 /* IMG_5668.PNG in Resources */ = {isa = PBXBuildFile; fileRef = 8F4FCDC12266ADDA00F8CF81 /* IMG_5668.PNG */; };
		8F4FCDC92266ADDA00F8CF81 /* IMG_5671.PNG in Resources */ = {isa = PBXBuildFile; fileRef = 8F4FCDC22266ADDA00F8CF81 /* IMG_5671.PNG */; };
		8F4FCDCA2266ADDA00F8CF81 /* IMG_5673.PNG in Resources */ = {isa = PBXBuildFile; fileRef = 8F4FCDC32266ADDA00F8CF81 /* IMG_5673.PNG */; };
		8FB2492A22638F6300BA60EB /* FundListCollectionCell.swift in Sources */ = {isa = PBXBuildFile; fileRef = 8FB2492822638F6300BA60EB /* FundListCollectionCell.swift */; };
		8FB2492B22638F6300BA60EB /* FundListCollectionCell.xib in Resources */ = {isa = PBXBuildFile; fileRef = 8FB2492922638F6300BA60EB /* FundListCollectionCell.xib */; };
		8FB2492D2263BB7A00BA60EB /* FundDetailViewController.swift in Sources */ = {isa = PBXBuildFile; fileRef = 8FB2492C2263BB7A00BA60EB /* FundDetailViewController.swift */; };
		8FB2492F2263C33100BA60EB /* FundDetailPresenter.swift in Sources */ = {isa = PBXBuildFile; fileRef = 8FB2492E2263C33100BA60EB /* FundDetailPresenter.swift */; };
		8FE8E80322636DB500D0D255 /* AppDelegate.swift in Sources */ = {isa = PBXBuildFile; fileRef = 8FE8E80222636DB500D0D255 /* AppDelegate.swift */; };
		8FE8E80522636DB500D0D255 /* FundsListViewController.swift in Sources */ = {isa = PBXBuildFile; fileRef = 8FE8E80422636DB500D0D255 /* FundsListViewController.swift */; };
		8FE8E80822636DB500D0D255 /* FundInvestment.storyboard in Resources */ = {isa = PBXBuildFile; fileRef = 8FE8E80622636DB500D0D255 /* FundInvestment.storyboard */; };
		8FE8E80A22636DB700D0D255 /* Assets.xcassets in Resources */ = {isa = PBXBuildFile; fileRef = 8FE8E80922636DB700D0D255 /* Assets.xcassets */; };
		8FE8E80D22636DB700D0D255 /* LaunchScreen.storyboard in Resources */ = {isa = PBXBuildFile; fileRef = 8FE8E80B22636DB700D0D255 /* LaunchScreen.storyboard */; };
		8FE8E81822636DB700D0D255 /* FundInvestmentDemoTests.swift in Sources */ = {isa = PBXBuildFile; fileRef = 8FE8E81722636DB700D0D255 /* FundInvestmentDemoTests.swift */; };
		8FE8E8242263745D00D0D255 /* APIClient.swift in Sources */ = {isa = PBXBuildFile; fileRef = 8FE8E8232263745D00D0D255 /* APIClient.swift */; };
		8FE8E8262263765500D0D255 /* APIClient+Requests.swift in Sources */ = {isa = PBXBuildFile; fileRef = 8FE8E8252263765500D0D255 /* APIClient+Requests.swift */; };
		8FE8E8292263788600D0D255 /* FundInvestment.swift in Sources */ = {isa = PBXBuildFile; fileRef = 8FE8E8282263788600D0D255 /* FundInvestment.swift */; };
		8FE8E82B22637BEB00D0D255 /* FundStrategyVideo.swift in Sources */ = {isa = PBXBuildFile; fileRef = 8FE8E82A22637BEB00D0D255 /* FundStrategyVideo.swift */; };
		8FE8E82D22637C3B00D0D255 /* FundManager.swift in Sources */ = {isa = PBXBuildFile; fileRef = 8FE8E82C22637C3B00D0D255 /* FundManager.swift */; };
		8FE8E82F22637C5200D0D255 /* FundOperability.swift in Sources */ = {isa = PBXBuildFile; fileRef = 8FE8E82E22637C5100D0D255 /* FundOperability.swift */; };
		8FE8E83122637C6800D0D255 /* FundSpecification.swift in Sources */ = {isa = PBXBuildFile; fileRef = 8FE8E83022637C6800D0D255 /* FundSpecification.swift */; };
		8FE8E83322637E1400D0D255 /* FundRiskProfile.swift in Sources */ = {isa = PBXBuildFile; fileRef = 8FE8E83222637E1400D0D255 /* FundRiskProfile.swift */; };
		8FE8E839226381A900D0D255 /* FundsListPresenter.swift in Sources */ = {isa = PBXBuildFile; fileRef = 8FE8E838226381A900D0D255 /* FundsListPresenter.swift */; };
		8FEB8861226521C3008D91EC /* UIColor+Extension.swift in Sources */ = {isa = PBXBuildFile; fileRef = 8FEB8860226521C3008D91EC /* UIColor+Extension.swift */; };
		8FEB88642265391B008D91EC /* ALTextFieldView.swift in Sources */ = {isa = PBXBuildFile; fileRef = 8FEB88632265391B008D91EC /* ALTextFieldView.swift */; };
		8FEB8866226539C7008D91EC /* ALTextFieldView.xib in Resources */ = {isa = PBXBuildFile; fileRef = 8FEB8865226539C7008D91EC /* ALTextFieldView.xib */; };
		8FEB886822653B9B008D91EC /* ALTextFieldSingleInputModalView.swift in Sources */ = {isa = PBXBuildFile; fileRef = 8FEB886722653B9B008D91EC /* ALTextFieldSingleInputModalView.swift */; };
		8FEB886A22653C0B008D91EC /* ALTextFieldSingleInputModalView.xib in Resources */ = {isa = PBXBuildFile; fileRef = 8FEB886922653C0B008D91EC /* ALTextFieldSingleInputModalView.xib */; };
		A13F1E6D2EEF3C53F2BA79BD /* Pods_FundInvestmentDemoTests.framework in Frameworks */ = {isa = PBXBuildFile; fileRef = 188052723C52A1853FACD835 /* Pods_FundInvestmentDemoTests.framework */; };
/* End PBXBuildFile section */

/* Begin PBXContainerItemProxy section */
		8FE8E81422636DB700D0D255 /* PBXContainerItemProxy */ = {
			isa = PBXContainerItemProxy;
			containerPortal = 8FE8E7F722636DB400D0D255 /* Project object */;
			proxyType = 1;
			remoteGlobalIDString = 8FE8E7FE22636DB400D0D255;
			remoteInfo = FundInvestmentDemo;
		};
/* End PBXContainerItemProxy section */

/* Begin PBXFileReference section */
		188052723C52A1853FACD835 /* Pods_FundInvestmentDemoTests.framework */ = {isa = PBXFileReference; explicitFileType = wrapper.framework; includeInIndex = 0; path = Pods_FundInvestmentDemoTests.framework; sourceTree = BUILT_PRODUCTS_DIR; };
		588D5B71040EB82AC42327DC /* Pods-FundInvestmentDemo.release.xcconfig */ = {isa = PBXFileReference; includeInIndex = 1; lastKnownFileType = text.xcconfig; name = "Pods-FundInvestmentDemo.release.xcconfig"; path = "Pods/Target Support Files/Pods-FundInvestmentDemo/Pods-FundInvestmentDemo.release.xcconfig"; sourceTree = "<group>"; };
		59692494A1BCC55E4C8E74CA /* Pods-FundInvestmentDemoTests.release.xcconfig */ = {isa = PBXFileReference; includeInIndex = 1; lastKnownFileType = text.xcconfig; name = "Pods-FundInvestmentDemoTests.release.xcconfig"; path = "Pods/Target Support Files/Pods-FundInvestmentDemoTests/Pods-FundInvestmentDemoTests.release.xcconfig"; sourceTree = "<group>"; };
		8F4FCD9F2265400200F8CF81 /* FundPurchaseAuthenticationModalViewController.swift */ = {isa = PBXFileReference; lastKnownFileType = sourcecode.swift; path = FundPurchaseAuthenticationModalViewController.swift; sourceTree = "<group>"; };
		8F4FCDA12266039D00F8CF81 /* FundPurchaseAuthenticationPresenter.swift */ = {isa = PBXFileReference; lastKnownFileType = sourcecode.swift; path = FundPurchaseAuthenticationPresenter.swift; sourceTree = "<group>"; };
		8F4FCDA3226604BB00F8CF81 /* UserAccess.swift */ = {isa = PBXFileReference; lastKnownFileType = sourcecode.swift; path = UserAccess.swift; sourceTree = "<group>"; };
		8F4FCDA52266125D00F8CF81 /* ALSegmentControl.swift */ = {isa = PBXFileReference; lastKnownFileType = sourcecode.swift; path = ALSegmentControl.swift; sourceTree = "<group>"; };
		8F4FCDA72266135B00F8CF81 /* FundsContainerViewController.swift */ = {isa = PBXFileReference; lastKnownFileType = sourcecode.swift; path = FundsContainerViewController.swift; sourceTree = "<group>"; };
		8F4FCDA92266145800F8CF81 /* FundsPurchasedViewController.swift */ = {isa = PBXFileReference; lastKnownFileType = sourcecode.swift; path = FundsPurchasedViewController.swift; sourceTree = "<group>"; };
		8F4FCDAB2266205700F8CF81 /* String+Extension.swift */ = {isa = PBXFileReference; lastKnownFileType = sourcecode.swift; path = "String+Extension.swift"; sourceTree = "<group>"; };
		8F4FCDAF226641C800F8CF81 /* FundPurchase.swift */ = {isa = PBXFileReference; lastKnownFileType = sourcecode.swift; path = FundPurchase.swift; sourceTree = "<group>"; };
		8F4FCDB1226648EB00F8CF81 /* FundsPurchasedPresenter.swift */ = {isa = PBXFileReference; lastKnownFileType = sourcecode.swift; path = FundsPurchasedPresenter.swift; sourceTree = "<group>"; };
		8F4FCDB822667CEA00F8CF81 /* UICollectionViewCell+Extension.swift */ = {isa = PBXFileReference; lastKnownFileType = sourcecode.swift; path = "UICollectionViewCell+Extension.swift"; sourceTree = "<group>"; };
		8F4FCDBA2266A96400F8CF81 /* README.md */ = {isa = PBXFileReference; fileEncoding = 4; lastKnownFileType = net.daringfireball.markdown; path = README.md; sourceTree = SOURCE_ROOT; };
		8F4FCDBD2266ADD900F8CF81 /* IMG_5672.PNG */ = {isa = PBXFileReference; lastKnownFileType = image.png; path = IMG_5672.PNG; sourceTree = "<group>"; };
		8F4FCDBE2266ADD900F8CF81 /* IMG_5674.PNG */ = {isa = PBXFileReference; lastKnownFileType = image.png; path = IMG_5674.PNG; sourceTree = "<group>"; };
		8F4FCDBF2266ADD900F8CF81 /* IMG_5670.PNG */ = {isa = PBXFileReference; lastKnownFileType = image.png; path = IMG_5670.PNG; sourceTree = "<group>"; };
		8F4FCDC02266ADDA00F8CF81 /* IMG_5669.PNG */ = {isa = PBXFileReference; lastKnownFileType = image.png; path = IMG_5669.PNG; sourceTree = "<group>"; };
		8F4FCDC12266ADDA00F8CF81 /* IMG_5668.PNG */ = {isa = PBXFileReference; lastKnownFileType = image.png; path = IMG_5668.PNG; sourceTree = "<group>"; };
		8F4FCDC22266ADDA00F8CF81 /* IMG_5671.PNG */ = {isa = PBXFileReference; lastKnownFileType = image.png; path = IMG_5671.PNG; sourceTree = "<group>"; };
		8F4FCDC32266ADDA00F8CF81 /* IMG_5673.PNG */ = {isa = PBXFileReference; lastKnownFileType = image.png; path = IMG_5673.PNG; sourceTree = "<group>"; };
		8FB2492822638F6300BA60EB /* FundListCollectionCell.swift */ = {isa = PBXFileReference; lastKnownFileType = sourcecode.swift; path = FundListCollectionCell.swift; sourceTree = "<group>"; };
		8FB2492922638F6300BA60EB /* FundListCollectionCell.xib */ = {isa = PBXFileReference; lastKnownFileType = file.xib; path = FundListCollectionCell.xib; sourceTree = "<group>"; };
		8FB2492C2263BB7A00BA60EB /* FundDetailViewController.swift */ = {isa = PBXFileReference; lastKnownFileType = sourcecode.swift; path = FundDetailViewController.swift; sourceTree = "<group>"; };
		8FB2492E2263C33100BA60EB /* FundDetailPresenter.swift */ = {isa = PBXFileReference; lastKnownFileType = sourcecode.swift; path = FundDetailPresenter.swift; sourceTree = "<group>"; };
		8FE8E7FF22636DB500D0D255 /* FundInvestmentDemo.app */ = {isa = PBXFileReference; explicitFileType = wrapper.application; includeInIndex = 0; path = FundInvestmentDemo.app; sourceTree = BUILT_PRODUCTS_DIR; };
		8FE8E80222636DB500D0D255 /* AppDelegate.swift */ = {isa = PBXFileReference; lastKnownFileType = sourcecode.swift; path = AppDelegate.swift; sourceTree = "<group>"; };
		8FE8E80422636DB500D0D255 /* FundsListViewController.swift */ = {isa = PBXFileReference; lastKnownFileType = sourcecode.swift; path = FundsListViewController.swift; sourceTree = "<group>"; };
		8FE8E80722636DB500D0D255 /* Base */ = {isa = PBXFileReference; lastKnownFileType = file.storyboard; name = Base; path = Base.lproj/FundInvestment.storyboard; sourceTree = "<group>"; };
		8FE8E80922636DB700D0D255 /* Assets.xcassets */ = {isa = PBXFileReference; lastKnownFileType = folder.assetcatalog; path = Assets.xcassets; sourceTree = "<group>"; };
		8FE8E80C22636DB700D0D255 /* Base */ = {isa = PBXFileReference; lastKnownFileType = file.storyboard; name = Base; path = Base.lproj/LaunchScreen.storyboard; sourceTree = "<group>"; };
		8FE8E80E22636DB700D0D255 /* Info.plist */ = {isa = PBXFileReference; lastKnownFileType = text.plist.xml; path = Info.plist; sourceTree = "<group>"; };
		8FE8E81322636DB700D0D255 /* FundInvestmentDemoTests.xctest */ = {isa = PBXFileReference; explicitFileType = wrapper.cfbundle; includeInIndex = 0; path = FundInvestmentDemoTests.xctest; sourceTree = BUILT_PRODUCTS_DIR; };
		8FE8E81722636DB700D0D255 /* FundInvestmentDemoTests.swift */ = {isa = PBXFileReference; lastKnownFileType = sourcecode.swift; path = FundInvestmentDemoTests.swift; sourceTree = "<group>"; };
		8FE8E81922636DB700D0D255 /* Info.plist */ = {isa = PBXFileReference; lastKnownFileType = text.plist.xml; path = Info.plist; sourceTree = "<group>"; };
		8FE8E8232263745D00D0D255 /* APIClient.swift */ = {isa = PBXFileReference; lastKnownFileType = sourcecode.swift; path = APIClient.swift; sourceTree = "<group>"; };
		8FE8E8252263765500D0D255 /* APIClient+Requests.swift */ = {isa = PBXFileReference; lastKnownFileType = sourcecode.swift; path = "APIClient+Requests.swift"; sourceTree = "<group>"; };
		8FE8E8282263788600D0D255 /* FundInvestment.swift */ = {isa = PBXFileReference; lastKnownFileType = sourcecode.swift; path = FundInvestment.swift; sourceTree = "<group>"; };
		8FE8E82A22637BEB00D0D255 /* FundStrategyVideo.swift */ = {isa = PBXFileReference; lastKnownFileType = sourcecode.swift; path = FundStrategyVideo.swift; sourceTree = "<group>"; };
		8FE8E82C22637C3B00D0D255 /* FundManager.swift */ = {isa = PBXFileReference; lastKnownFileType = sourcecode.swift; path = FundManager.swift; sourceTree = "<group>"; };
		8FE8E82E22637C5100D0D255 /* FundOperability.swift */ = {isa = PBXFileReference; lastKnownFileType = sourcecode.swift; path = FundOperability.swift; sourceTree = "<group>"; };
		8FE8E83022637C6800D0D255 /* FundSpecification.swift */ = {isa = PBXFileReference; lastKnownFileType = sourcecode.swift; path = FundSpecification.swift; sourceTree = "<group>"; };
		8FE8E83222637E1400D0D255 /* FundRiskProfile.swift */ = {isa = PBXFileReference; lastKnownFileType = sourcecode.swift; path = FundRiskProfile.swift; sourceTree = "<group>"; };
		8FE8E838226381A900D0D255 /* FundsListPresenter.swift */ = {isa = PBXFileReference; lastKnownFileType = sourcecode.swift; path = FundsListPresenter.swift; sourceTree = "<group>"; };
		8FEB8860226521C3008D91EC /* UIColor+Extension.swift */ = {isa = PBXFileReference; lastKnownFileType = sourcecode.swift; path = "UIColor+Extension.swift"; sourceTree = "<group>"; };
		8FEB88632265391B008D91EC /* ALTextFieldView.swift */ = {isa = PBXFileReference; lastKnownFileType = sourcecode.swift; path = ALTextFieldView.swift; sourceTree = "<group>"; };
		8FEB8865226539C7008D91EC /* ALTextFieldView.xib */ = {isa = PBXFileReference; lastKnownFileType = file.xib; path = ALTextFieldView.xib; sourceTree = "<group>"; };
		8FEB886722653B9B008D91EC /* ALTextFieldSingleInputModalView.swift */ = {isa = PBXFileReference; lastKnownFileType = sourcecode.swift; path = ALTextFieldSingleInputModalView.swift; sourceTree = "<group>"; };
		8FEB886922653C0B008D91EC /* ALTextFieldSingleInputModalView.xib */ = {isa = PBXFileReference; lastKnownFileType = file.xib; path = ALTextFieldSingleInputModalView.xib; sourceTree = "<group>"; };
		A3F9F5A4FF66B584CA0450A4 /* Pods-FundInvestmentDemoTests.debug.xcconfig */ = {isa = PBXFileReference; includeInIndex = 1; lastKnownFileType = text.xcconfig; name = "Pods-FundInvestmentDemoTests.debug.xcconfig"; path = "Pods/Target Support Files/Pods-FundInvestmentDemoTests/Pods-FundInvestmentDemoTests.debug.xcconfig"; sourceTree = "<group>"; };
		CD26CF43FFE248B6E5ADCF80 /* Pods_FundInvestmentDemo.framework */ = {isa = PBXFileReference; explicitFileType = wrapper.framework; includeInIndex = 0; path = Pods_FundInvestmentDemo.framework; sourceTree = BUILT_PRODUCTS_DIR; };
		F9102F41057552491BB48C01 /* Pods-FundInvestmentDemo.debug.xcconfig */ = {isa = PBXFileReference; includeInIndex = 1; lastKnownFileType = text.xcconfig; name = "Pods-FundInvestmentDemo.debug.xcconfig"; path = "Pods/Target Support Files/Pods-FundInvestmentDemo/Pods-FundInvestmentDemo.debug.xcconfig"; sourceTree = "<group>"; };
/* End PBXFileReference section */

/* Begin PBXFrameworksBuildPhase section */
		8FE8E7FC22636DB400D0D255 /* Frameworks */ = {
			isa = PBXFrameworksBuildPhase;
			buildActionMask = 2147483647;
			files = (
				09348E5AFF505846CC5FF69D /* Pods_FundInvestmentDemo.framework in Frameworks */,
			);
			runOnlyForDeploymentPostprocessing = 0;
		};
		8FE8E81022636DB700D0D255 /* Frameworks */ = {
			isa = PBXFrameworksBuildPhase;
			buildActionMask = 2147483647;
			files = (
				A13F1E6D2EEF3C53F2BA79BD /* Pods_FundInvestmentDemoTests.framework in Frameworks */,
			);
			runOnlyForDeploymentPostprocessing = 0;
		};
/* End PBXFrameworksBuildPhase section */

/* Begin PBXGroup section */
		8F4FCDB3226677C000F8CF81 /* Storyboards */ = {
			isa = PBXGroup;
			children = (
				8FE8E80622636DB500D0D255 /* FundInvestment.storyboard */,
				8FE8E80B22636DB700D0D255 /* LaunchScreen.storyboard */,
			);
			path = Storyboards;
			sourceTree = "<group>";
		};
		8F4FCDB42266781C00F8CF81 /* Resources */ = {
			isa = PBXGroup;
			children = (
				8F4FCDBC2266ADBC00F8CF81 /* Screenshots */,
				8FE8E80922636DB700D0D255 /* Assets.xcassets */,
			);
			path = Resources;
			sourceTree = "<group>";
		};
		8F4FCDB522667A1A00F8CF81 /* TextFields */ = {
			isa = PBXGroup;
			children = (
				8FEB88632265391B008D91EC /* ALTextFieldView.swift */,
				8FEB8865226539C7008D91EC /* ALTextFieldView.xib */,
				8FEB886722653B9B008D91EC /* ALTextFieldSingleInputModalView.swift */,
				8FEB886922653C0B008D91EC /* ALTextFieldSingleInputModalView.xib */,
			);
			path = TextFields;
			sourceTree = "<group>";
		};
		8F4FCDB622667A5F00F8CF81 /* SegmentControl */ = {
			isa = PBXGroup;
			children = (
				8F4FCDA52266125D00F8CF81 /* ALSegmentControl.swift */,
			);
			path = SegmentControl;
			sourceTree = "<group>";
		};
		8F4FCDB722667A7A00F8CF81 /* Controllers */ = {
			isa = PBXGroup;
			children = (
				8FB2492C2263BB7A00BA60EB /* FundDetailViewController.swift */,
				8F4FCD9F2265400200F8CF81 /* FundPurchaseAuthenticationModalViewController.swift */,
				8F4FCDA72266135B00F8CF81 /* FundsContainerViewController.swift */,
				8FE8E80422636DB500D0D255 /* FundsListViewController.swift */,
				8F4FCDA92266145800F8CF81 /* FundsPurchasedViewController.swift */,
			);
			path = Controllers;
			sourceTree = "<group>";
		};
		8F4FCDBC2266ADBC00F8CF81 /* Screenshots */ = {
			isa = PBXGroup;
			children = (
				8F4FCDC12266ADDA00F8CF81 /* IMG_5668.PNG */,
				8F4FCDC02266ADDA00F8CF81 /* IMG_5669.PNG */,
				8F4FCDBF2266ADD900F8CF81 /* IMG_5670.PNG */,
				8F4FCDC22266ADDA00F8CF81 /* IMG_5671.PNG */,
				8F4FCDBD2266ADD900F8CF81 /* IMG_5672.PNG */,
				8F4FCDC32266ADDA00F8CF81 /* IMG_5673.PNG */,
				8F4FCDBE2266ADD900F8CF81 /* IMG_5674.PNG */,
			);
			path = Screenshots;
			sourceTree = "<group>";
		};
		8FB24924226389F300BA60EB /* Views */ = {
			isa = PBXGroup;
			children = (
				8FB2492522638E6300BA60EB /* Cells */,
				8F4FCDB722667A7A00F8CF81 /* Controllers */,
				8F4FCDB622667A5F00F8CF81 /* SegmentControl */,
				8F4FCDB522667A1A00F8CF81 /* TextFields */,
			);
			path = Views;
			sourceTree = "<group>";
		};
		8FB2492522638E6300BA60EB /* Cells */ = {
			isa = PBXGroup;
			children = (
				8FB2492822638F6300BA60EB /* FundListCollectionCell.swift */,
				8FB2492922638F6300BA60EB /* FundListCollectionCell.xib */,
			);
			path = Cells;
			sourceTree = "<group>";
		};
		8FE8E7F622636DB400D0D255 = {
			isa = PBXGroup;
			children = (
				8FE8E80122636DB500D0D255 /* FundInvestmentDemo */,
				8FE8E81622636DB700D0D255 /* FundInvestmentDemoTests */,
				8FE8E80022636DB500D0D255 /* Products */,
				F70277DC705EB491C432AD46 /* Pods */,
				FD932273EFE3B5A7F393F767 /* Frameworks */,
			);
			sourceTree = "<group>";
		};
		8FE8E80022636DB500D0D255 /* Products */ = {
			isa = PBXGroup;
			children = (
				8FE8E7FF22636DB500D0D255 /* FundInvestmentDemo.app */,
				8FE8E81322636DB700D0D255 /* FundInvestmentDemoTests.xctest */,
			);
			name = Products;
			sourceTree = "<group>";
		};
		8FE8E80122636DB500D0D255 /* FundInvestmentDemo */ = {
			isa = PBXGroup;
			children = (
				8FE8E822226373AF00D0D255 /* API */,
				8FEB8862226538E3008D91EC /* Helpers */,
				8FEB885F226520F7008D91EC /* Extensions */,
				8FE8E8272263781A00D0D255 /* Models */,
				8FE8E8372263819600D0D255 /* Presenters */,
				8F4FCDB42266781C00F8CF81 /* Resources */,
				8F4FCDB3226677C000F8CF81 /* Storyboards */,
				8FB24924226389F300BA60EB /* Views */,
				8FE8E80222636DB500D0D255 /* AppDelegate.swift */,
				8FE8E80E22636DB700D0D255 /* Info.plist */,
				8F4FCDBA2266A96400F8CF81 /* README.md */,
			);
			path = FundInvestmentDemo;
			sourceTree = "<group>";
		};
		8FE8E81622636DB700D0D255 /* FundInvestmentDemoTests */ = {
			isa = PBXGroup;
			children = (
				8FE8E81722636DB700D0D255 /* FundInvestmentDemoTests.swift */,
				8FE8E81922636DB700D0D255 /* Info.plist */,
			);
			path = FundInvestmentDemoTests;
			sourceTree = "<group>";
		};
		8FE8E822226373AF00D0D255 /* API */ = {
			isa = PBXGroup;
			children = (
				8FE8E8232263745D00D0D255 /* APIClient.swift */,
				8FE8E8252263765500D0D255 /* APIClient+Requests.swift */,
			);
			path = API;
			sourceTree = "<group>";
		};
		8FE8E8272263781A00D0D255 /* Models */ = {
			isa = PBXGroup;
			children = (
				8FE8E8282263788600D0D255 /* FundInvestment.swift */,
				8FE8E83222637E1400D0D255 /* FundRiskProfile.swift */,
				8FE8E82A22637BEB00D0D255 /* FundStrategyVideo.swift */,
				8FE8E82C22637C3B00D0D255 /* FundManager.swift */,
				8FE8E82E22637C5100D0D255 /* FundOperability.swift */,
				8FE8E83022637C6800D0D255 /* FundSpecification.swift */,
				8F4FCDAF226641C800F8CF81 /* FundPurchase.swift */,
			);
			path = Models;
			sourceTree = "<group>";
		};
		8FE8E8372263819600D0D255 /* Presenters */ = {
			isa = PBXGroup;
			children = (
				8FE8E838226381A900D0D255 /* FundsListPresenter.swift */,
				8FB2492E2263C33100BA60EB /* FundDetailPresenter.swift */,
				8F4FCDA12266039D00F8CF81 /* FundPurchaseAuthenticationPresenter.swift */,
				8F4FCDB1226648EB00F8CF81 /* FundsPurchasedPresenter.swift */,
			);
			path = Presenters;
			sourceTree = "<group>";
		};
		8FEB885F226520F7008D91EC /* Extensions */ = {
			isa = PBXGroup;
			children = (
				8F4FCDAB2266205700F8CF81 /* String+Extension.swift */,
				8FEB8860226521C3008D91EC /* UIColor+Extension.swift */,
				8F4FCDB822667CEA00F8CF81 /* UICollectionViewCell+Extension.swift */,
			);
			path = Extensions;
			sourceTree = "<group>";
		};
		8FEB8862226538E3008D91EC /* Helpers */ = {
			isa = PBXGroup;
			children = (
				8F4FCDA3226604BB00F8CF81 /* UserAccess.swift */,
			);
			path = Helpers;
			sourceTree = "<group>";
		};
		F70277DC705EB491C432AD46 /* Pods */ = {
			isa = PBXGroup;
			children = (
				F9102F41057552491BB48C01 /* Pods-FundInvestmentDemo.debug.xcconfig */,
				588D5B71040EB82AC42327DC /* Pods-FundInvestmentDemo.release.xcconfig */,
				A3F9F5A4FF66B584CA0450A4 /* Pods-FundInvestmentDemoTests.debug.xcconfig */,
				59692494A1BCC55E4C8E74CA /* Pods-FundInvestmentDemoTests.release.xcconfig */,
			);
			name = Pods;
			sourceTree = "<group>";
		};
		FD932273EFE3B5A7F393F767 /* Frameworks */ = {
			isa = PBXGroup;
			children = (
				CD26CF43FFE248B6E5ADCF80 /* Pods_FundInvestmentDemo.framework */,
				188052723C52A1853FACD835 /* Pods_FundInvestmentDemoTests.framework */,
			);
			name = Frameworks;
			sourceTree = "<group>";
		};
/* End PBXGroup section */

/* Begin PBXNativeTarget section */
		8FE8E7FE22636DB400D0D255 /* FundInvestmentDemo */ = {
			isa = PBXNativeTarget;
			buildConfigurationList = 8FE8E81C22636DB700D0D255 /* Build configuration list for PBXNativeTarget "FundInvestmentDemo" */;
			buildPhases = (
				7913B978A7B524C773578501 /* [CP] Check Pods Manifest.lock */,
				8FE8E7FB22636DB400D0D255 /* Sources */,
				8FE8E7FC22636DB400D0D255 /* Frameworks */,
				8FE8E7FD22636DB400D0D255 /* Resources */,
				2737494D2AFF79FE7A390E30 /* [CP] Embed Pods Frameworks */,
			);
			buildRules = (
			);
			dependencies = (
			);
			name = FundInvestmentDemo;
			productName = FundInvestmentDemo;
			productReference = 8FE8E7FF22636DB500D0D255 /* FundInvestmentDemo.app */;
			productType = "com.apple.product-type.application";
		};
		8FE8E81222636DB700D0D255 /* FundInvestmentDemoTests */ = {
			isa = PBXNativeTarget;
			buildConfigurationList = 8FE8E81F22636DB700D0D255 /* Build configuration list for PBXNativeTarget "FundInvestmentDemoTests" */;
			buildPhases = (
				374384310F76AED26CD4712B /* [CP] Check Pods Manifest.lock */,
				8FE8E80F22636DB700D0D255 /* Sources */,
				8FE8E81022636DB700D0D255 /* Frameworks */,
				8FE8E81122636DB700D0D255 /* Resources */,
			);
			buildRules = (
			);
			dependencies = (
				8FE8E81522636DB700D0D255 /* PBXTargetDependency */,
			);
			name = FundInvestmentDemoTests;
			productName = FundInvestmentDemoTests;
			productReference = 8FE8E81322636DB700D0D255 /* FundInvestmentDemoTests.xctest */;
			productType = "com.apple.product-type.bundle.unit-test";
		};
/* End PBXNativeTarget section */

/* Begin PBXProject section */
		8FE8E7F722636DB400D0D255 /* Project object */ = {
			isa = PBXProject;
			attributes = {
				LastSwiftUpdateCheck = 1010;
				LastUpgradeCheck = 1010;
				ORGANIZATIONNAME = Amarildo;
				TargetAttributes = {
					8FE8E7FE22636DB400D0D255 = {
						CreatedOnToolsVersion = 10.1;
					};
					8FE8E81222636DB700D0D255 = {
						CreatedOnToolsVersion = 10.1;
						TestTargetID = 8FE8E7FE22636DB400D0D255;
					};
				};
			};
			buildConfigurationList = 8FE8E7FA22636DB400D0D255 /* Build configuration list for PBXProject "FundInvestmentDemo" */;
			compatibilityVersion = "Xcode 9.3";
			developmentRegion = en;
			hasScannedForEncodings = 0;
			knownRegions = (
				en,
				Base,
			);
			mainGroup = 8FE8E7F622636DB400D0D255;
			productRefGroup = 8FE8E80022636DB500D0D255 /* Products */;
			projectDirPath = "";
			projectRoot = "";
			targets = (
				8FE8E7FE22636DB400D0D255 /* FundInvestmentDemo */,
				8FE8E81222636DB700D0D255 /* FundInvestmentDemoTests */,
			);
		};
/* End PBXProject section */

/* Begin PBXResourcesBuildPhase section */
		8FE8E7FD22636DB400D0D255 /* Resources */ = {
			isa = PBXResourcesBuildPhase;
			buildActionMask = 2147483647;
			files = (
				8F4FCDC82266ADDA00F8CF81 /* IMG_5668.PNG in Resources */,
				8F4FCDC72266ADDA00F8CF81 /* IMG_5669.PNG in Resources */,
				8FB2492B22638F6300BA60EB /* FundListCollectionCell.xib in Resources */,
				8FE8E80D22636DB700D0D255 /* LaunchScreen.storyboard in Resources */,
				8FEB886A22653C0B008D91EC /* ALTextFieldSingleInputModalView.xib in Resources */,
				8F4FCDC52266ADDA00F8CF81 /* IMG_5674.PNG in Resources */,
				8F4FCDBB2266A96500F8CF81 /* README.md in Resources */,
				8FEB8866226539C7008D91EC /* ALTextFieldView.xib in Resources */,
				8FE8E80A22636DB700D0D255 /* Assets.xcassets in Resources */,
				8F4FCDC62266ADDA00F8CF81 /* IMG_5670.PNG in Resources */,
				8F4FCDC92266ADDA00F8CF81 /* IMG_5671.PNG in Resources */,
				8FE8E80822636DB500D0D255 /* FundInvestment.storyboard in Resources */,
				8F4FCDCA2266ADDA00F8CF81 /* IMG_5673.PNG in Resources */,
				8F4FCDC42266ADDA00F8CF81 /* IMG_5672.PNG in Resources */,
			);
			runOnlyForDeploymentPostprocessing = 0;
		};
		8FE8E81122636DB700D0D255 /* Resources */ = {
			isa = PBXResourcesBuildPhase;
			buildActionMask = 2147483647;
			files = (
			);
			runOnlyForDeploymentPostprocessing = 0;
		};
/* End PBXResourcesBuildPhase section */

/* Begin PBXShellScriptBuildPhase section */
		2737494D2AFF79FE7A390E30 /* [CP] Embed Pods Frameworks */ = {
			isa = PBXShellScriptBuildPhase;
			buildActionMask = 2147483647;
			files = (
			);
			inputFileListPaths = (
			);
			inputPaths = (
				"${SRCROOT}/Pods/Target Support Files/Pods-FundInvestmentDemo/Pods-FundInvestmentDemo-frameworks.sh",
				"${BUILT_PRODUCTS_DIR}/Alamofire/Alamofire.framework",
				"${BUILT_PRODUCTS_DIR}/AlamofireObjectMapper/AlamofireObjectMapper.framework",
				"${BUILT_PRODUCTS_DIR}/KeychainAccess/KeychainAccess.framework",
				"${BUILT_PRODUCTS_DIR}/Kingfisher/Kingfisher.framework",
				"${BUILT_PRODUCTS_DIR}/ObjectMapper/ObjectMapper.framework",
				"${BUILT_PRODUCTS_DIR}/Realm/Realm.framework",
				"${BUILT_PRODUCTS_DIR}/RealmSwift/RealmSwift.framework",
			);
			name = "[CP] Embed Pods Frameworks";
			outputFileListPaths = (
			);
			outputPaths = (
				"${TARGET_BUILD_DIR}/${FRAMEWORKS_FOLDER_PATH}/Alamofire.framework",
				"${TARGET_BUILD_DIR}/${FRAMEWORKS_FOLDER_PATH}/AlamofireObjectMapper.framework",
				"${TARGET_BUILD_DIR}/${FRAMEWORKS_FOLDER_PATH}/KeychainAccess.framework",
				"${TARGET_BUILD_DIR}/${FRAMEWORKS_FOLDER_PATH}/Kingfisher.framework",
				"${TARGET_BUILD_DIR}/${FRAMEWORKS_FOLDER_PATH}/ObjectMapper.framework",
				"${TARGET_BUILD_DIR}/${FRAMEWORKS_FOLDER_PATH}/Realm.framework",
				"${TARGET_BUILD_DIR}/${FRAMEWORKS_FOLDER_PATH}/RealmSwift.framework",
			);
			runOnlyForDeploymentPostprocessing = 0;
			shellPath = /bin/sh;
			shellScript = "\"${SRCROOT}/Pods/Target Support Files/Pods-FundInvestmentDemo/Pods-FundInvestmentDemo-frameworks.sh\"\n";
			showEnvVarsInLog = 0;
		};
		374384310F76AED26CD4712B /* [CP] Check Pods Manifest.lock */ = {
			isa = PBXShellScriptBuildPhase;
			buildActionMask = 2147483647;
			files = (
			);
			inputFileListPaths = (
			);
			inputPaths = (
				"${PODS_PODFILE_DIR_PATH}/Podfile.lock",
				"${PODS_ROOT}/Manifest.lock",
			);
			name = "[CP] Check Pods Manifest.lock";
			outputFileListPaths = (
			);
			outputPaths = (
				"$(DERIVED_FILE_DIR)/Pods-FundInvestmentDemoTests-checkManifestLockResult.txt",
			);
			runOnlyForDeploymentPostprocessing = 0;
			shellPath = /bin/sh;
			shellScript = "diff \"${PODS_PODFILE_DIR_PATH}/Podfile.lock\" \"${PODS_ROOT}/Manifest.lock\" > /dev/null\nif [ $? != 0 ] ; then\n    # print error to STDERR\n    echo \"error: The sandbox is not in sync with the Podfile.lock. Run 'pod install' or update your CocoaPods installation.\" >&2\n    exit 1\nfi\n# This output is used by Xcode 'outputs' to avoid re-running this script phase.\necho \"SUCCESS\" > \"${SCRIPT_OUTPUT_FILE_0}\"\n";
			showEnvVarsInLog = 0;
		};
		7913B978A7B524C773578501 /* [CP] Check Pods Manifest.lock */ = {
			isa = PBXShellScriptBuildPhase;
			buildActionMask = 2147483647;
			files = (
			);
			inputFileListPaths = (
			);
			inputPaths = (
				"${PODS_PODFILE_DIR_PATH}/Podfile.lock",
				"${PODS_ROOT}/Manifest.lock",
			);
			name = "[CP] Check Pods Manifest.lock";
			outputFileListPaths = (
			);
			outputPaths = (
				"$(DERIVED_FILE_DIR)/Pods-FundInvestmentDemo-checkManifestLockResult.txt",
			);
			runOnlyForDeploymentPostprocessing = 0;
			shellPath = /bin/sh;
			shellScript = "diff \"${PODS_PODFILE_DIR_PATH}/Podfile.lock\" \"${PODS_ROOT}/Manifest.lock\" > /dev/null\nif [ $? != 0 ] ; then\n    # print error to STDERR\n    echo \"error: The sandbox is not in sync with the Podfile.lock. Run 'pod install' or update your CocoaPods installation.\" >&2\n    exit 1\nfi\n# This output is used by Xcode 'outputs' to avoid re-running this script phase.\necho \"SUCCESS\" > \"${SCRIPT_OUTPUT_FILE_0}\"\n";
			showEnvVarsInLog = 0;
		};
/* End PBXShellScriptBuildPhase section */

/* Begin PBXSourcesBuildPhase section */
		8FE8E7FB22636DB400D0D255 /* Sources */ = {
			isa = PBXSourcesBuildPhase;
			buildActionMask = 2147483647;
			files = (
				8FE8E80522636DB500D0D255 /* FundsListViewController.swift in Sources */,
				8FEB88642265391B008D91EC /* ALTextFieldView.swift in Sources */,
				8FE8E83122637C6800D0D255 /* FundSpecification.swift in Sources */,
				8FE8E82F22637C5200D0D255 /* FundOperability.swift in Sources */,
				8FE8E839226381A900D0D255 /* FundsListPresenter.swift in Sources */,
				8F4FCDB0226641C800F8CF81 /* FundPurchase.swift in Sources */,
				8FB2492A22638F6300BA60EB /* FundListCollectionCell.swift in Sources */,
				8FEB886822653B9B008D91EC /* ALTextFieldSingleInputModalView.swift in Sources */,
				8F4FCDA62266125D00F8CF81 /* ALSegmentControl.swift in Sources */,
				8FE8E83322637E1400D0D255 /* FundRiskProfile.swift in Sources */,
				8F4FCDA82266135B00F8CF81 /* FundsContainerViewController.swift in Sources */,
				8F4FCDA4226604BB00F8CF81 /* UserAccess.swift in Sources */,
				8FE8E82D22637C3B00D0D255 /* FundManager.swift in Sources */,
				8F4FCDB922667CEA00F8CF81 /* UICollectionViewCell+Extension.swift in Sources */,
				8F4FCDA02265400200F8CF81 /* FundPurchaseAuthenticationModalViewController.swift in Sources */,
				8F4FCDAA2266145800F8CF81 /* FundsPurchasedViewController.swift in Sources */,
				8F4FCDB2226648EB00F8CF81 /* FundsPurchasedPresenter.swift in Sources */,
				8FE8E8292263788600D0D255 /* FundInvestment.swift in Sources */,
				8FE8E80322636DB500D0D255 /* AppDelegate.swift in Sources */,
				8F4FCDAC2266205700F8CF81 /* String+Extension.swift in Sources */,
				8FEB8861226521C3008D91EC /* UIColor+Extension.swift in Sources */,
				8FB2492D2263BB7A00BA60EB /* FundDetailViewController.swift in Sources */,
				8FB2492F2263C33100BA60EB /* FundDetailPresenter.swift in Sources */,
				8FE8E82B22637BEB00D0D255 /* FundStrategyVideo.swift in Sources */,
				8FE8E8242263745D00D0D255 /* APIClient.swift in Sources */,
				8FE8E8262263765500D0D255 /* APIClient+Requests.swift in Sources */,
				8F4FCDA22266039D00F8CF81 /* FundPurchaseAuthenticationPresenter.swift in Sources */,
			);
			runOnlyForDeploymentPostprocessing = 0;
		};
		8FE8E80F22636DB700D0D255 /* Sources */ = {
			isa = PBXSourcesBuildPhase;
			buildActionMask = 2147483647;
			files = (
				8FE8E81822636DB700D0D255 /* FundInvestmentDemoTests.swift in Sources */,
			);
			runOnlyForDeploymentPostprocessing = 0;
		};
/* End PBXSourcesBuildPhase section */

/* Begin PBXTargetDependency section */
		8FE8E81522636DB700D0D255 /* PBXTargetDependency */ = {
			isa = PBXTargetDependency;
			target = 8FE8E7FE22636DB400D0D255 /* FundInvestmentDemo */;
			targetProxy = 8FE8E81422636DB700D0D255 /* PBXContainerItemProxy */;
		};
/* End PBXTargetDependency section */

/* Begin PBXVariantGroup section */
		8FE8E80622636DB500D0D255 /* FundInvestment.storyboard */ = {
			isa = PBXVariantGroup;
			children = (
				8FE8E80722636DB500D0D255 /* Base */,
			);
			name = FundInvestment.storyboard;
			sourceTree = "<group>";
		};
		8FE8E80B22636DB700D0D255 /* LaunchScreen.storyboard */ = {
			isa = PBXVariantGroup;
			children = (
				8FE8E80C22636DB700D0D255 /* Base */,
			);
			name = LaunchScreen.storyboard;
			sourceTree = "<group>";
		};
/* End PBXVariantGroup section */

/* Begin XCBuildConfiguration section */
		8FE8E81A22636DB700D0D255 /* Debug */ = {
			isa = XCBuildConfiguration;
			buildSettings = {
				ALWAYS_SEARCH_USER_PATHS = NO;
				CLANG_ANALYZER_NONNULL = YES;
				CLANG_ANALYZER_NUMBER_OBJECT_CONVERSION = YES_AGGRESSIVE;
				CLANG_CXX_LANGUAGE_STANDARD = "gnu++14";
				CLANG_CXX_LIBRARY = "libc++";
				CLANG_ENABLE_MODULES = YES;
				CLANG_ENABLE_OBJC_ARC = YES;
				CLANG_ENABLE_OBJC_WEAK = YES;
				CLANG_WARN_BLOCK_CAPTURE_AUTORELEASING = YES;
				CLANG_WARN_BOOL_CONVERSION = YES;
				CLANG_WARN_COMMA = YES;
				CLANG_WARN_CONSTANT_CONVERSION = YES;
				CLANG_WARN_DEPRECATED_OBJC_IMPLEMENTATIONS = YES;
				CLANG_WARN_DIRECT_OBJC_ISA_USAGE = YES_ERROR;
				CLANG_WARN_DOCUMENTATION_COMMENTS = YES;
				CLANG_WARN_EMPTY_BODY = YES;
				CLANG_WARN_ENUM_CONVERSION = YES;
				CLANG_WARN_INFINITE_RECURSION = YES;
				CLANG_WARN_INT_CONVERSION = YES;
				CLANG_WARN_NON_LITERAL_NULL_CONVERSION = YES;
				CLANG_WARN_OBJC_IMPLICIT_RETAIN_SELF = YES;
				CLANG_WARN_OBJC_LITERAL_CONVERSION = YES;
				CLANG_WARN_OBJC_ROOT_CLASS = YES_ERROR;
				CLANG_WARN_RANGE_LOOP_ANALYSIS = YES;
				CLANG_WARN_STRICT_PROTOTYPES = YES;
				CLANG_WARN_SUSPICIOUS_MOVE = YES;
				CLANG_WARN_UNGUARDED_AVAILABILITY = YES_AGGRESSIVE;
				CLANG_WARN_UNREACHABLE_CODE = YES;
				CLANG_WARN__DUPLICATE_METHOD_MATCH = YES;
				CODE_SIGN_IDENTITY = "iPhone Developer";
				COPY_PHASE_STRIP = NO;
				DEBUG_INFORMATION_FORMAT = dwarf;
				ENABLE_STRICT_OBJC_MSGSEND = YES;
				ENABLE_TESTABILITY = YES;
				GCC_C_LANGUAGE_STANDARD = gnu11;
				GCC_DYNAMIC_NO_PIC = NO;
				GCC_NO_COMMON_BLOCKS = YES;
				GCC_OPTIMIZATION_LEVEL = 0;
				GCC_PREPROCESSOR_DEFINITIONS = (
					"DEBUG=1",
					"$(inherited)",
				);
				GCC_WARN_64_TO_32_BIT_CONVERSION = YES;
				GCC_WARN_ABOUT_RETURN_TYPE = YES_ERROR;
				GCC_WARN_UNDECLARED_SELECTOR = YES;
				GCC_WARN_UNINITIALIZED_AUTOS = YES_AGGRESSIVE;
				GCC_WARN_UNUSED_FUNCTION = YES;
				GCC_WARN_UNUSED_VARIABLE = YES;
				IPHONEOS_DEPLOYMENT_TARGET = 12.1;
				MTL_ENABLE_DEBUG_INFO = INCLUDE_SOURCE;
				MTL_FAST_MATH = YES;
				ONLY_ACTIVE_ARCH = YES;
				SDKROOT = iphoneos;
				SWIFT_ACTIVE_COMPILATION_CONDITIONS = DEBUG;
				SWIFT_OPTIMIZATION_LEVEL = "-Onone";
			};
			name = Debug;
		};
		8FE8E81B22636DB700D0D255 /* Release */ = {
			isa = XCBuildConfiguration;
			buildSettings = {
				ALWAYS_SEARCH_USER_PATHS = NO;
				CLANG_ANALYZER_NONNULL = YES;
				CLANG_ANALYZER_NUMBER_OBJECT_CONVERSION = YES_AGGRESSIVE;
				CLANG_CXX_LANGUAGE_STANDARD = "gnu++14";
				CLANG_CXX_LIBRARY = "libc++";
				CLANG_ENABLE_MODULES = YES;
				CLANG_ENABLE_OBJC_ARC = YES;
				CLANG_ENABLE_OBJC_WEAK = YES;
				CLANG_WARN_BLOCK_CAPTURE_AUTORELEASING = YES;
				CLANG_WARN_BOOL_CONVERSION = YES;
				CLANG_WARN_COMMA = YES;
				CLANG_WARN_CONSTANT_CONVERSION = YES;
				CLANG_WARN_DEPRECATED_OBJC_IMPLEMENTATIONS = YES;
				CLANG_WARN_DIRECT_OBJC_ISA_USAGE = YES_ERROR;
				CLANG_WARN_DOCUMENTATION_COMMENTS = YES;
				CLANG_WARN_EMPTY_BODY = YES;
				CLANG_WARN_ENUM_CONVERSION = YES;
				CLANG_WARN_INFINITE_RECURSION = YES;
				CLANG_WARN_INT_CONVERSION = YES;
				CLANG_WARN_NON_LITERAL_NULL_CONVERSION = YES;
				CLANG_WARN_OBJC_IMPLICIT_RETAIN_SELF = YES;
				CLANG_WARN_OBJC_LITERAL_CONVERSION = YES;
				CLANG_WARN_OBJC_ROOT_CLASS = YES_ERROR;
				CLANG_WARN_RANGE_LOOP_ANALYSIS = YES;
				CLANG_WARN_STRICT_PROTOTYPES = YES;
				CLANG_WARN_SUSPICIOUS_MOVE = YES;
				CLANG_WARN_UNGUARDED_AVAILABILITY = YES_AGGRESSIVE;
				CLANG_WARN_UNREACHABLE_CODE = YES;
				CLANG_WARN__DUPLICATE_METHOD_MATCH = YES;
				CODE_SIGN_IDENTITY = "iPhone Developer";
				COPY_PHASE_STRIP = NO;
				DEBUG_INFORMATION_FORMAT = "dwarf-with-dsym";
				ENABLE_NS_ASSERTIONS = NO;
				ENABLE_STRICT_OBJC_MSGSEND = YES;
				GCC_C_LANGUAGE_STANDARD = gnu11;
				GCC_NO_COMMON_BLOCKS = YES;
				GCC_WARN_64_TO_32_BIT_CONVERSION = YES;
				GCC_WARN_ABOUT_RETURN_TYPE = YES_ERROR;
				GCC_WARN_UNDECLARED_SELECTOR = YES;
				GCC_WARN_UNINITIALIZED_AUTOS = YES_AGGRESSIVE;
				GCC_WARN_UNUSED_FUNCTION = YES;
				GCC_WARN_UNUSED_VARIABLE = YES;
				IPHONEOS_DEPLOYMENT_TARGET = 12.1;
				MTL_ENABLE_DEBUG_INFO = NO;
				MTL_FAST_MATH = YES;
				SDKROOT = iphoneos;
				SWIFT_COMPILATION_MODE = wholemodule;
				SWIFT_OPTIMIZATION_LEVEL = "-O";
				VALIDATE_PRODUCT = YES;
			};
			name = Release;
		};
		8FE8E81D22636DB700D0D255 /* Debug */ = {
			isa = XCBuildConfiguration;
			baseConfigurationReference = F9102F41057552491BB48C01 /* Pods-FundInvestmentDemo.debug.xcconfig */;
			buildSettings = {
				ASSETCATALOG_COMPILER_APPICON_NAME = AppIcon;
				CODE_SIGN_STYLE = Automatic;
				DEVELOPMENT_TEAM = GQ7ZUC23QT;
				INFOPLIST_FILE = FundInvestmentDemo/Info.plist;
				IPHONEOS_DEPLOYMENT_TARGET = 10.0;
				LD_RUNPATH_SEARCH_PATHS = (
					"$(inherited)",
					"@executable_path/Frameworks",
				);
				PRODUCT_BUNDLE_IDENTIFIER = com.amarildo.FundInvestmentDemo;
				PRODUCT_NAME = "$(TARGET_NAME)";
				SWIFT_VERSION = 4.2;
				TARGETED_DEVICE_FAMILY = 1;
			};
			name = Debug;
		};
		8FE8E81E22636DB700D0D255 /* Release */ = {
			isa = XCBuildConfiguration;
			baseConfigurationReference = 588D5B71040EB82AC42327DC /* Pods-FundInvestmentDemo.release.xcconfig */;
			buildSettings = {
				ASSETCATALOG_COMPILER_APPICON_NAME = AppIcon;
				CODE_SIGN_STYLE = Automatic;
				DEVELOPMENT_TEAM = GQ7ZUC23QT;
				INFOPLIST_FILE = FundInvestmentDemo/Info.plist;
				IPHONEOS_DEPLOYMENT_TARGET = 10.0;
				LD_RUNPATH_SEARCH_PATHS = (
					"$(inherited)",
					"@executable_path/Frameworks",
				);
				PRODUCT_BUNDLE_IDENTIFIER = com.amarildo.FundInvestmentDemo;
				PRODUCT_NAME = "$(TARGET_NAME)";
				SWIFT_VERSION = 4.2;
				TARGETED_DEVICE_FAMILY = 1;
			};
			name = Release;
		};
		8FE8E82022636DB700D0D255 /* Debug */ = {
			isa = XCBuildConfiguration;
			baseConfigurationReference = A3F9F5A4FF66B584CA0450A4 /* Pods-FundInvestmentDemoTests.debug.xcconfig */;
			buildSettings = {
				ALWAYS_EMBED_SWIFT_STANDARD_LIBRARIES = YES;
				BUNDLE_LOADER = "$(TEST_HOST)";
				CODE_SIGN_STYLE = Automatic;
				INFOPLIST_FILE = FundInvestmentDemoTests/Info.plist;
				LD_RUNPATH_SEARCH_PATHS = (
					"$(inherited)",
					"@executable_path/Frameworks",
					"@loader_path/Frameworks",
				);
				PRODUCT_BUNDLE_IDENTIFIER = com.amarildo.FundInvestmentDemoTests;
				PRODUCT_NAME = "$(TARGET_NAME)";
				SWIFT_VERSION = 4.2;
				TARGETED_DEVICE_FAMILY = "1,2";
				TEST_HOST = "$(BUILT_PRODUCTS_DIR)/FundInvestmentDemo.app/FundInvestmentDemo";
			};
			name = Debug;
		};
		8FE8E82122636DB700D0D255 /* Release */ = {
			isa = XCBuildConfiguration;
			baseConfigurationReference = 59692494A1BCC55E4C8E74CA /* Pods-FundInvestmentDemoTests.release.xcconfig */;
			buildSettings = {
				ALWAYS_EMBED_SWIFT_STANDARD_LIBRARIES = YES;
				BUNDLE_LOADER = "$(TEST_HOST)";
				CODE_SIGN_STYLE = Automatic;
				INFOPLIST_FILE = FundInvestmentDemoTests/Info.plist;
				LD_RUNPATH_SEARCH_PATHS = (
					"$(inherited)",
					"@executable_path/Frameworks",
					"@loader_path/Frameworks",
				);
				PRODUCT_BUNDLE_IDENTIFIER = com.amarildo.FundInvestmentDemoTests;
				PRODUCT_NAME = "$(TARGET_NAME)";
				SWIFT_VERSION = 4.2;
				TARGETED_DEVICE_FAMILY = "1,2";
				TEST_HOST = "$(BUILT_PRODUCTS_DIR)/FundInvestmentDemo.app/FundInvestmentDemo";
			};
			name = Release;
		};
/* End XCBuildConfiguration section */

/* Begin XCConfigurationList section */
		8FE8E7FA22636DB400D0D255 /* Build configuration list for PBXProject "FundInvestmentDemo" */ = {
			isa = XCConfigurationList;
			buildConfigurations = (
				8FE8E81A22636DB700D0D255 /* Debug */,
				8FE8E81B22636DB700D0D255 /* Release */,
			);
			defaultConfigurationIsVisible = 0;
			defaultConfigurationName = Release;
		};
		8FE8E81C22636DB700D0D255 /* Build configuration list for PBXNativeTarget "FundInvestmentDemo" */ = {
			isa = XCConfigurationList;
			buildConfigurations = (
				8FE8E81D22636DB700D0D255 /* Debug */,
				8FE8E81E22636DB700D0D255 /* Release */,
			);
			defaultConfigurationIsVisible = 0;
			defaultConfigurationName = Release;
		};
		8FE8E81F22636DB700D0D255 /* Build configuration list for PBXNativeTarget "FundInvestmentDemoTests" */ = {
			isa = XCConfigurationList;
			buildConfigurations = (
				8FE8E82022636DB700D0D255 /* Debug */,
				8FE8E82122636DB700D0D255 /* Release */,
			);
			defaultConfigurationIsVisible = 0;
			defaultConfigurationName = Release;
		};
/* End XCConfigurationList section */
	};
	rootObject = 8FE8E7F722636DB400D0D255 /* Project object */;
}
